
Microsoft Visual Studio Solution File, Format Version 12.00
# Visual Studio Version 16
VisualStudioVersion = 16.0.30523.141
MinimumVisualStudioVersion = 10.0.40219.1
Project("{FAE04EC0-301F-11D3-BF4B-00C04F79EFBC}") = "client", "main\client.csproj", "{B6E63AE7-4433-44EC-BCDE-031CD779E8CC}"
EndProject
Global
	GlobalSection(SolutionConfigurationPlatforms) = preSolution
		Debug|Any CPU = Debug|Any CPU
		Release|Any CPU = Release|Any CPU
	EndGlobalSection
	GlobalSection(ProjectConfigurationPlatforms) = postSolution
		{B6E63AE7-4433-44EC-BCDE-031CD779E8CC}.Debug|Any CPU.ActiveCfg = Debug|Any CPU
		{B6E63AE7-4433-44EC-BCDE-031CD779E8CC}.Debug|Any CPU.Build.0 = Debug|Any CPU
		{B6E63AE7-4433-44EC-BCDE-031CD779E8CC}.Release|Any CPU.ActiveCfg = Release|Any CPU
		{B6E63AE7-4433-44EC-BCDE-031CD779E8CC}.Release|Any CPU.Build.0 = Release|Any CPU
	EndGlobalSection
	GlobalSection(SolutionProperties) = preSolution
		HideSolutionNode = FALSE
	EndGlobalSection
	GlobalSection(ExtensibilityGlobals) = postSolution
		SolutionGuid = {EAB609FB-395F-4495-9D65-CB2BEB1407C5}
	EndGlobalSection
EndGlobal
