
Microsoft Visual Studio Solution File, Format Version 12.00
# Visual Studio Version 17
VisualStudioVersion = 17.3.32922.545
MinimumVisualStudioVersion = 10.0.40219.1
Project("{FAE04EC0-301F-11D3-BF4B-00C04F79EFBC}") = "editorClient", "main\editorClient.csproj", "{B6E63AE7-4433-44EC-BCDE-031CD779E8CC}"
	ProjectSection(ProjectDependencies) = postProject
		{880E67DC-610D-4661-878B-14C0A76223B5} = {880E67DC-610D-4661-878B-14C0A76223B5}
	EndProjectSection
EndProject
Project("{FAE04EC0-301F-11D3-BF4B-00C04F79EFBC}") = "backgroundClient", "backgroundClient\backgroundClient.csproj", "{880E67DC-610D-4661-878B-14C0A76223B5}"
EndProject
Global
	GlobalSection(SolutionConfigurationPlatforms) = preSolution
		Debug|Any CPU = Debug|Any CPU
		Debug|x86 = Debug|x86
		Release|Any CPU = Release|Any CPU
		Release|x86 = Release|x86
	EndGlobalSection
	GlobalSection(ProjectConfigurationPlatforms) = postSolution
		{B6E63AE7-4433-44EC-BCDE-031CD779E8CC}.Debug|Any CPU.ActiveCfg = Debug|Any CPU
		{B6E63AE7-4433-44EC-BCDE-031CD779E8CC}.Debug|Any CPU.Build.0 = Debug|Any CPU
		{B6E63AE7-4433-44EC-BCDE-031CD779E8CC}.Debug|x86.ActiveCfg = Debug|Any CPU
		{B6E63AE7-4433-44EC-BCDE-031CD779E8CC}.Debug|x86.Build.0 = Debug|Any CPU
		{B6E63AE7-4433-44EC-BCDE-031CD779E8CC}.Release|Any CPU.ActiveCfg = Release|Any CPU
		{B6E63AE7-4433-44EC-BCDE-031CD779E8CC}.Release|Any CPU.Build.0 = Release|Any CPU
		{B6E63AE7-4433-44EC-BCDE-031CD779E8CC}.Release|x86.ActiveCfg = Release|Any CPU
		{B6E63AE7-4433-44EC-BCDE-031CD779E8CC}.Release|x86.Build.0 = Release|Any CPU
		{880E67DC-610D-4661-878B-14C0A76223B5}.Debug|Any CPU.ActiveCfg = Debug|Any CPU
		{880E67DC-610D-4661-878B-14C0A76223B5}.Debug|Any CPU.Build.0 = Debug|Any CPU
		{880E67DC-610D-4661-878B-14C0A76223B5}.Debug|x86.ActiveCfg = Debug|Any CPU
		{880E67DC-610D-4661-878B-14C0A76223B5}.Debug|x86.Build.0 = Debug|Any CPU
		{880E67DC-610D-4661-878B-14C0A76223B5}.Release|Any CPU.ActiveCfg = Release|Any CPU
		{880E67DC-610D-4661-878B-14C0A76223B5}.Release|Any CPU.Build.0 = Release|Any CPU
		{880E67DC-610D-4661-878B-14C0A76223B5}.Release|x86.ActiveCfg = Release|Any CPU
		{880E67DC-610D-4661-878B-14C0A76223B5}.Release|x86.Build.0 = Release|Any CPU
	EndGlobalSection
	GlobalSection(SolutionProperties) = preSolution
		HideSolutionNode = FALSE
	EndGlobalSection
	GlobalSection(ExtensibilityGlobals) = postSolution
		SolutionGuid = {EAB609FB-395F-4495-9D65-CB2BEB1407C5}
	EndGlobalSection
EndGlobal
