
Microsoft Visual Studio Solution File, Format Version 12.00
# Visual Studio Version 16
VisualStudioVersion = 16.0.30523.141
MinimumVisualStudioVersion = 10.0.40219.1
Project("{FAE04EC0-301F-11D3-BF4B-00C04F79EFBC}") = "TaskbarGroups", "TaskbarGroups\TaskbarGroups.csproj", "{7B01E831-9017-46B5-AACB-C0F7B0459A5E}"
EndProject
Global
	GlobalSection(SolutionConfigurationPlatforms) = preSolution
		Debug|Any CPU = Debug|Any CPU
		Release|Any CPU = Release|Any CPU
	EndGlobalSection
	GlobalSection(ProjectConfigurationPlatforms) = postSolution
		{7B01E831-9017-46B5-AACB-C0F7B0459A5E}.Debug|Any CPU.ActiveCfg = Debug|Any CPU
		{7B01E831-9017-46B5-AACB-C0F7B0459A5E}.Debug|Any CPU.Build.0 = Debug|Any CPU
		{7B01E831-9017-46B5-AACB-C0F7B0459A5E}.Release|Any CPU.ActiveCfg = Release|Any CPU
		{7B01E831-9017-46B5-AACB-C0F7B0459A5E}.Release|Any CPU.Build.0 = Release|Any CPU
	EndGlobalSection
	GlobalSection(SolutionProperties) = preSolution
		HideSolutionNode = FALSE
	EndGlobalSection
	GlobalSection(ExtensibilityGlobals) = postSolution
		SolutionGuid = {C2B14243-DCB5-4DFC-AE33-4750C164EC8D}
	EndGlobalSection
EndGlobal
